// !$*UTF8*$!
{
	archiveVersion = 1;
	classes = {
	};
	objectVersion = 55;
	objects = {

/* Begin PBXBuildFile section */
		B80B257FA8CA21C68B59FB22 /* libPods-MobilliumMovies.a in Frameworks */ = {isa = PBXBuildFile; fileRef = 50E874DAA3FCE2B249F768DA /* libPods-MobilliumMovies.a */; };
		BA32FA7C280B5BDD0056DD41 /* AppRouter.swift in Sources */ = {isa = PBXBuildFile; fileRef = BA32FA7B280B5BDD0056DD41 /* AppRouter.swift */; };
		BA32FA7F280B5C040056DD41 /* AppContainer.swift in Sources */ = {isa = PBXBuildFile; fileRef = BA32FA7E280B5C040056DD41 /* AppContainer.swift */; };
		BA32FA85280B5D1D0056DD41 /* MainPageRouter.swift in Sources */ = {isa = PBXBuildFile; fileRef = BA32FA84280B5D1D0056DD41 /* MainPageRouter.swift */; };
		BA32FA87280B5D390056DD41 /* MainPageBuilder.swift in Sources */ = {isa = PBXBuildFile; fileRef = BA32FA86280B5D390056DD41 /* MainPageBuilder.swift */; };
		BA32FA89280B5D420056DD41 /* MainPageViewModel.swift in Sources */ = {isa = PBXBuildFile; fileRef = BA32FA88280B5D420056DD41 /* MainPageViewModel.swift */; };
		BA32FA8B280B5D760056DD41 /* MainPageContracts.swift in Sources */ = {isa = PBXBuildFile; fileRef = BA32FA8A280B5D760056DD41 /* MainPageContracts.swift */; };
		BA32FA8E280B5EEF0056DD41 /* MoviePresentation.swift in Sources */ = {isa = PBXBuildFile; fileRef = BA32FA8D280B5EEF0056DD41 /* MoviePresentation.swift */; };
		BA32FAA0280B80300056DD41 /* UpComingMoviesCell.swift in Sources */ = {isa = PBXBuildFile; fileRef = BA32FA9E280B80300056DD41 /* UpComingMoviesCell.swift */; };
		BA32FAA3280B861B0056DD41 /* UpComingMoviesCell.xib in Resources */ = {isa = PBXBuildFile; fileRef = BA32FAA2280B861B0056DD41 /* UpComingMoviesCell.xib */; };
		BA32FAA5280B86F00056DD41 /* UIImageView.swift in Sources */ = {isa = PBXBuildFile; fileRef = BA32FAA4280B86F00056DD41 /* UIImageView.swift */; };
		BA32FAA7280B87C10056DD41 /* NowPlayingMoviesCell.swift in Sources */ = {isa = PBXBuildFile; fileRef = BA32FAA6280B87C10056DD41 /* NowPlayingMoviesCell.swift */; };
		BA32FAA9280B97190056DD41 /* CALayer.swift in Sources */ = {isa = PBXBuildFile; fileRef = BA32FAA8280B97190056DD41 /* CALayer.swift */; };
		BA598CE5280BA28500FE3BA2 /* MovieDataBase.swift in Sources */ = {isa = PBXBuildFile; fileRef = BA598CE4280BA28500FE3BA2 /* MovieDataBase.swift */; };
		BA598CE7280BA73700FE3BA2 /* NetworkLayerManager.swift in Sources */ = {isa = PBXBuildFile; fileRef = BA598CE6280BA73700FE3BA2 /* NetworkLayerManager.swift */; };
		BAB16B83280C1F1900896964 /* PageControllerFooter.swift in Sources */ = {isa = PBXBuildFile; fileRef = BAB16B82280C1F1900896964 /* PageControllerFooter.swift */; };
		BAB30CBC280CA42200F5AD2D /* DetailPageViewController.swift in Sources */ = {isa = PBXBuildFile; fileRef = BAB30CBB280CA42200F5AD2D /* DetailPageViewController.swift */; };
		BAB30CC0280CA44E00F5AD2D /* DetailPageBuilder.swift in Sources */ = {isa = PBXBuildFile; fileRef = BAB30CBF280CA44E00F5AD2D /* DetailPageBuilder.swift */; };
		BAB30CC3280CB86A00F5AD2D /* ImageCell.swift in Sources */ = {isa = PBXBuildFile; fileRef = BAB30CC2280CB86A00F5AD2D /* ImageCell.swift */; };
		BAB30CC5280CB88300F5AD2D /* OtherDetailsCell.swift in Sources */ = {isa = PBXBuildFile; fileRef = BAB30CC4280CB88300F5AD2D /* OtherDetailsCell.swift */; };
		BAB30D05280CC06900F5AD2D /* Assets.xcassets in Resources */ = {isa = PBXBuildFile; fileRef = BAB30D04280CC06900F5AD2D /* Assets.xcassets */; };
		BAB30D07280CD8EE00F5AD2D /* OverviewTextCell.swift in Sources */ = {isa = PBXBuildFile; fileRef = BAB30D06280CD8EE00F5AD2D /* OverviewTextCell.swift */; };
		BAB9ADAC280C296800207971 /* PagingInfo.swift in Sources */ = {isa = PBXBuildFile; fileRef = BAB9ADAB280C296800207971 /* PagingInfo.swift */; };
		BAB9ADAE280C34DD00207971 /* MovieSection.swift in Sources */ = {isa = PBXBuildFile; fileRef = BAB9ADAD280C34DD00207971 /* MovieSection.swift */; };
		BAB9ADB4280C577900207971 /* Date.swift in Sources */ = {isa = PBXBuildFile; fileRef = BAB9ADB3280C577900207971 /* Date.swift */; };
		BABD4EDA280AE7A7009E1B68 /* AppDelegate.swift in Sources */ = {isa = PBXBuildFile; fileRef = BABD4ED9280AE7A7009E1B68 /* AppDelegate.swift */; };
		BABD4EDC280AE7A7009E1B68 /* SceneDelegate.swift in Sources */ = {isa = PBXBuildFile; fileRef = BABD4EDB280AE7A7009E1B68 /* SceneDelegate.swift */; };
		BABD4EDE280AE7A7009E1B68 /* MainPageView.swift in Sources */ = {isa = PBXBuildFile; fileRef = BABD4EDD280AE7A7009E1B68 /* MainPageView.swift */; };
		BABD4EE6280AE7A8009E1B68 /* LaunchScreen.storyboard in Resources */ = {isa = PBXBuildFile; fileRef = BABD4EE4280AE7A8009E1B68 /* LaunchScreen.storyboard */; };
		BABD4EF1280AE7A9009E1B68 /* MobilliumMoviesTests.swift in Sources */ = {isa = PBXBuildFile; fileRef = BABD4EF0280AE7A9009E1B68 /* MobilliumMoviesTests.swift */; };
		BABD4F2F280B0B25009E1B68 /* NetworkLayer.framework in Frameworks */ = {isa = PBXBuildFile; fileRef = BABD4F2E280B0B25009E1B68 /* NetworkLayer.framework */; };
		BABD4F30280B0B25009E1B68 /* NetworkLayer.framework in Embed Frameworks */ = {isa = PBXBuildFile; fileRef = BABD4F2E280B0B25009E1B68 /* NetworkLayer.framework */; settings = {ATTRIBUTES = (CodeSignOnCopy, RemoveHeadersOnCopy, ); }; };
/* End PBXBuildFile section */

/* Begin PBXContainerItemProxy section */
		BABD4EED280AE7A9009E1B68 /* PBXContainerItemProxy */ = {
			isa = PBXContainerItemProxy;
			containerPortal = BABD4ECE280AE7A6009E1B68 /* Project object */;
			proxyType = 1;
			remoteGlobalIDString = BABD4ED5280AE7A7009E1B68;
			remoteInfo = MobilliumMovies;
		};
/* End PBXContainerItemProxy section */

/* Begin PBXCopyFilesBuildPhase section */
		BABD4F31280B0B25009E1B68 /* Embed Frameworks */ = {
			isa = PBXCopyFilesBuildPhase;
			buildActionMask = 2147483647;
			dstPath = "";
			dstSubfolderSpec = 10;
			files = (
				BABD4F30280B0B25009E1B68 /* NetworkLayer.framework in Embed Frameworks */,
			);
			name = "Embed Frameworks";
			runOnlyForDeploymentPostprocessing = 0;
		};
/* End PBXCopyFilesBuildPhase section */

/* Begin PBXFileReference section */
		35887E84E8339CC3EAAB07BA /* Pods-MobilliumMovies.debug.xcconfig */ = {isa = PBXFileReference; includeInIndex = 1; lastKnownFileType = text.xcconfig; name = "Pods-MobilliumMovies.debug.xcconfig"; path = "Target Support Files/Pods-MobilliumMovies/Pods-MobilliumMovies.debug.xcconfig"; sourceTree = "<group>"; };
		50E874DAA3FCE2B249F768DA /* libPods-MobilliumMovies.a */ = {isa = PBXFileReference; explicitFileType = archive.ar; includeInIndex = 0; path = "libPods-MobilliumMovies.a"; sourceTree = BUILT_PRODUCTS_DIR; };
		9F09212004844D9917E801B2 /* Pods-MobilliumMovies.release.xcconfig */ = {isa = PBXFileReference; includeInIndex = 1; lastKnownFileType = text.xcconfig; name = "Pods-MobilliumMovies.release.xcconfig"; path = "Target Support Files/Pods-MobilliumMovies/Pods-MobilliumMovies.release.xcconfig"; sourceTree = "<group>"; };
		BA32FA7B280B5BDD0056DD41 /* AppRouter.swift */ = {isa = PBXFileReference; lastKnownFileType = sourcecode.swift; path = AppRouter.swift; sourceTree = "<group>"; };
		BA32FA7E280B5C040056DD41 /* AppContainer.swift */ = {isa = PBXFileReference; lastKnownFileType = sourcecode.swift; path = AppContainer.swift; sourceTree = "<group>"; };
		BA32FA84280B5D1D0056DD41 /* MainPageRouter.swift */ = {isa = PBXFileReference; lastKnownFileType = sourcecode.swift; path = MainPageRouter.swift; sourceTree = "<group>"; };
		BA32FA86280B5D390056DD41 /* MainPageBuilder.swift */ = {isa = PBXFileReference; lastKnownFileType = sourcecode.swift; path = MainPageBuilder.swift; sourceTree = "<group>"; };
		BA32FA88280B5D420056DD41 /* MainPageViewModel.swift */ = {isa = PBXFileReference; lastKnownFileType = sourcecode.swift; path = MainPageViewModel.swift; sourceTree = "<group>"; };
		BA32FA8A280B5D760056DD41 /* MainPageContracts.swift */ = {isa = PBXFileReference; lastKnownFileType = sourcecode.swift; path = MainPageContracts.swift; sourceTree = "<group>"; };
		BA32FA8D280B5EEF0056DD41 /* MoviePresentation.swift */ = {isa = PBXFileReference; lastKnownFileType = sourcecode.swift; path = MoviePresentation.swift; sourceTree = "<group>"; };
		BA32FA9E280B80300056DD41 /* UpComingMoviesCell.swift */ = {isa = PBXFileReference; lastKnownFileType = sourcecode.swift; path = UpComingMoviesCell.swift; sourceTree = "<group>"; };
		BA32FAA2280B861B0056DD41 /* UpComingMoviesCell.xib */ = {isa = PBXFileReference; fileEncoding = 4; lastKnownFileType = file.xib; path = UpComingMoviesCell.xib; sourceTree = "<group>"; };
		BA32FAA4280B86F00056DD41 /* UIImageView.swift */ = {isa = PBXFileReference; fileEncoding = 4; lastKnownFileType = sourcecode.swift; path = UIImageView.swift; sourceTree = "<group>"; };
		BA32FAA6280B87C10056DD41 /* NowPlayingMoviesCell.swift */ = {isa = PBXFileReference; lastKnownFileType = sourcecode.swift; path = NowPlayingMoviesCell.swift; sourceTree = "<group>"; };
		BA32FAA8280B97190056DD41 /* CALayer.swift */ = {isa = PBXFileReference; lastKnownFileType = sourcecode.swift; path = CALayer.swift; sourceTree = "<group>"; };
		BA598CE4280BA28500FE3BA2 /* MovieDataBase.swift */ = {isa = PBXFileReference; lastKnownFileType = sourcecode.swift; path = MovieDataBase.swift; sourceTree = "<group>"; };
		BA598CE6280BA73700FE3BA2 /* NetworkLayerManager.swift */ = {isa = PBXFileReference; lastKnownFileType = sourcecode.swift; path = NetworkLayerManager.swift; sourceTree = "<group>"; };
		BAB16B82280C1F1900896964 /* PageControllerFooter.swift */ = {isa = PBXFileReference; lastKnownFileType = sourcecode.swift; path = PageControllerFooter.swift; sourceTree = "<group>"; };
		BAB30CBB280CA42200F5AD2D /* DetailPageViewController.swift */ = {isa = PBXFileReference; lastKnownFileType = sourcecode.swift; path = DetailPageViewController.swift; sourceTree = "<group>"; };
		BAB30CBF280CA44E00F5AD2D /* DetailPageBuilder.swift */ = {isa = PBXFileReference; lastKnownFileType = sourcecode.swift; path = DetailPageBuilder.swift; sourceTree = "<group>"; };
		BAB30CC2280CB86A00F5AD2D /* ImageCell.swift */ = {isa = PBXFileReference; lastKnownFileType = sourcecode.swift; path = ImageCell.swift; sourceTree = "<group>"; };
		BAB30CC4280CB88300F5AD2D /* OtherDetailsCell.swift */ = {isa = PBXFileReference; lastKnownFileType = sourcecode.swift; path = OtherDetailsCell.swift; sourceTree = "<group>"; };
		BAB30D04280CC06900F5AD2D /* Assets.xcassets */ = {isa = PBXFileReference; lastKnownFileType = folder.assetcatalog; path = Assets.xcassets; sourceTree = "<group>"; };
		BAB30D06280CD8EE00F5AD2D /* OverviewTextCell.swift */ = {isa = PBXFileReference; lastKnownFileType = sourcecode.swift; path = OverviewTextCell.swift; sourceTree = "<group>"; };
		BAB9ADAB280C296800207971 /* PagingInfo.swift */ = {isa = PBXFileReference; lastKnownFileType = sourcecode.swift; path = PagingInfo.swift; sourceTree = "<group>"; };
		BAB9ADAD280C34DD00207971 /* MovieSection.swift */ = {isa = PBXFileReference; lastKnownFileType = sourcecode.swift; path = MovieSection.swift; sourceTree = "<group>"; };
		BAB9ADB3280C577900207971 /* Date.swift */ = {isa = PBXFileReference; lastKnownFileType = sourcecode.swift; path = Date.swift; sourceTree = "<group>"; };
		BABD4ED6280AE7A7009E1B68 /* MobilliumMovies.app */ = {isa = PBXFileReference; explicitFileType = wrapper.application; includeInIndex = 0; path = MobilliumMovies.app; sourceTree = BUILT_PRODUCTS_DIR; };
		BABD4ED9280AE7A7009E1B68 /* AppDelegate.swift */ = {isa = PBXFileReference; lastKnownFileType = sourcecode.swift; path = AppDelegate.swift; sourceTree = "<group>"; };
		BABD4EDB280AE7A7009E1B68 /* SceneDelegate.swift */ = {isa = PBXFileReference; lastKnownFileType = sourcecode.swift; path = SceneDelegate.swift; sourceTree = "<group>"; };
		BABD4EDD280AE7A7009E1B68 /* MainPageView.swift */ = {isa = PBXFileReference; lastKnownFileType = sourcecode.swift; path = MainPageView.swift; sourceTree = "<group>"; };
		BABD4EE5280AE7A8009E1B68 /* Base */ = {isa = PBXFileReference; lastKnownFileType = file.storyboard; name = Base; path = Base.lproj/LaunchScreen.storyboard; sourceTree = "<group>"; };
		BABD4EE7280AE7A8009E1B68 /* Info.plist */ = {isa = PBXFileReference; lastKnownFileType = text.plist.xml; path = Info.plist; sourceTree = "<group>"; };
		BABD4EEC280AE7A9009E1B68 /* MobilliumMoviesTests.xctest */ = {isa = PBXFileReference; explicitFileType = wrapper.cfbundle; includeInIndex = 0; path = MobilliumMoviesTests.xctest; sourceTree = BUILT_PRODUCTS_DIR; };
		BABD4EF0280AE7A9009E1B68 /* MobilliumMoviesTests.swift */ = {isa = PBXFileReference; lastKnownFileType = sourcecode.swift; path = MobilliumMoviesTests.swift; sourceTree = "<group>"; };
		BABD4F2E280B0B25009E1B68 /* NetworkLayer.framework */ = {isa = PBXFileReference; explicitFileType = wrapper.framework; path = NetworkLayer.framework; sourceTree = BUILT_PRODUCTS_DIR; };
/* End PBXFileReference section */

/* Begin PBXFrameworksBuildPhase section */
		BABD4ED3280AE7A7009E1B68 /* Frameworks */ = {
			isa = PBXFrameworksBuildPhase;
			buildActionMask = 2147483647;
			files = (
				BABD4F2F280B0B25009E1B68 /* NetworkLayer.framework in Frameworks */,
				B80B257FA8CA21C68B59FB22 /* libPods-MobilliumMovies.a in Frameworks */,
			);
			runOnlyForDeploymentPostprocessing = 0;
		};
		BABD4EE9280AE7A9009E1B68 /* Frameworks */ = {
			isa = PBXFrameworksBuildPhase;
			buildActionMask = 2147483647;
			files = (
			);
			runOnlyForDeploymentPostprocessing = 0;
		};
/* End PBXFrameworksBuildPhase section */

/* Begin PBXGroup section */
		3A164C5C7C163B2E2071FBB0 /* Pods */ = {
			isa = PBXGroup;
			children = (
				35887E84E8339CC3EAAB07BA /* Pods-MobilliumMovies.debug.xcconfig */,
				9F09212004844D9917E801B2 /* Pods-MobilliumMovies.release.xcconfig */,
			);
			path = Pods;
			sourceTree = "<group>";
		};
		47F539417F6E5E9BF214738C /* Frameworks */ = {
			isa = PBXGroup;
			children = (
				BABD4F2E280B0B25009E1B68 /* NetworkLayer.framework */,
				50E874DAA3FCE2B249F768DA /* libPods-MobilliumMovies.a */,
			);
			name = Frameworks;
			sourceTree = "<group>";
		};
		BA32FA7A280B5BC70056DD41 /* App */ = {
			isa = PBXGroup;
			children = (
				BABD4ED9280AE7A7009E1B68 /* AppDelegate.swift */,
				BABD4EDB280AE7A7009E1B68 /* SceneDelegate.swift */,
				BA32FA7E280B5C040056DD41 /* AppContainer.swift */,
				BA32FA7B280B5BDD0056DD41 /* AppRouter.swift */,
			);
			path = App;
			sourceTree = "<group>";
		};
		BA32FA80280B5CE60056DD41 /* MainPage */ = {
			isa = PBXGroup;
			children = (
				BA32FA91280B77040056DD41 /* Vendors */,
				BA32FA8A280B5D760056DD41 /* MainPageContracts.swift */,
				BABD4EDD280AE7A7009E1B68 /* MainPageView.swift */,
				BA32FA88280B5D420056DD41 /* MainPageViewModel.swift */,
				BA32FA84280B5D1D0056DD41 /* MainPageRouter.swift */,
				BA32FA86280B5D390056DD41 /* MainPageBuilder.swift */,
			);
			path = MainPage;
			sourceTree = "<group>";
		};
		BA32FA82280B5CF50056DD41 /* DetailPage */ = {
			isa = PBXGroup;
			children = (
				BAB30CC1280CB80700F5AD2D /* Vendors */,
				BAB30CBB280CA42200F5AD2D /* DetailPageViewController.swift */,
				BAB30CBF280CA44E00F5AD2D /* DetailPageBuilder.swift */,
			);
			path = DetailPage;
			sourceTree = "<group>";
		};
		BA32FA83280B5D010056DD41 /* Pages */ = {
			isa = PBXGroup;
			children = (
				BA32FA80280B5CE60056DD41 /* MainPage */,
				BA32FA82280B5CF50056DD41 /* DetailPage */,
			);
			path = Pages;
			sourceTree = "<group>";
		};
		BA32FA8C280B5EDB0056DD41 /* Presentation */ = {
			isa = PBXGroup;
			children = (
				BA32FA8D280B5EEF0056DD41 /* MoviePresentation.swift */,
			);
			path = Presentation;
			sourceTree = "<group>";
		};
		BA32FA91280B77040056DD41 /* Vendors */ = {
			isa = PBXGroup;
			children = (
				BA32FAA2280B861B0056DD41 /* UpComingMoviesCell.xib */,
				BA32FA9E280B80300056DD41 /* UpComingMoviesCell.swift */,
				BA32FAA6280B87C10056DD41 /* NowPlayingMoviesCell.swift */,
				BAB9ADAD280C34DD00207971 /* MovieSection.swift */,
				BAB9ADAB280C296800207971 /* PagingInfo.swift */,
			);
			path = Vendors;
			sourceTree = "<group>";
		};
		BA32FA99280B79E70056DD41 /* Extension */ = {
			isa = PBXGroup;
			children = (
				BA32FAA4280B86F00056DD41 /* UIImageView.swift */,
				BA32FAA8280B97190056DD41 /* CALayer.swift */,
				BAB9ADB3280C577900207971 /* Date.swift */,
			);
			path = Extension;
			sourceTree = "<group>";
		};
		BA598CE3280BA27600FE3BA2 /* Models */ = {
			isa = PBXGroup;
			children = (
				BA598CE4280BA28500FE3BA2 /* MovieDataBase.swift */,
				BA598CE6280BA73700FE3BA2 /* NetworkLayerManager.swift */,
			);
			path = Models;
			sourceTree = "<group>";
		};
		BAB30CC1280CB80700F5AD2D /* Vendors */ = {
			isa = PBXGroup;
			children = (
				BAB30CC2280CB86A00F5AD2D /* ImageCell.swift */,
				BAB30CC4280CB88300F5AD2D /* OtherDetailsCell.swift */,
				BAB30D06280CD8EE00F5AD2D /* OverviewTextCell.swift */,
			);
			path = Vendors;
			sourceTree = "<group>";
		};
		BABD4ECD280AE7A6009E1B68 = {
			isa = PBXGroup;
			children = (
				BABD4ED8280AE7A7009E1B68 /* MobilliumMovies */,
				BABD4EEF280AE7A9009E1B68 /* MobilliumMoviesTests */,
				BABD4ED7280AE7A7009E1B68 /* Products */,
				3A164C5C7C163B2E2071FBB0 /* Pods */,
				47F539417F6E5E9BF214738C /* Frameworks */,
			);
			sourceTree = "<group>";
		};
		BABD4ED7280AE7A7009E1B68 /* Products */ = {
			isa = PBXGroup;
			children = (
				BABD4ED6280AE7A7009E1B68 /* MobilliumMovies.app */,
				BABD4EEC280AE7A9009E1B68 /* MobilliumMoviesTests.xctest */,
			);
			name = Products;
			sourceTree = "<group>";
		};
		BABD4ED8280AE7A7009E1B68 /* MobilliumMovies */ = {
			isa = PBXGroup;
			children = (
				BA32FA7A280B5BC70056DD41 /* App */,
				BA598CE3280BA27600FE3BA2 /* Models */,
				BA32FA99280B79E70056DD41 /* Extension */,
				BA32FA8C280B5EDB0056DD41 /* Presentation */,
				BA32FA83280B5D010056DD41 /* Pages */,
				BABD4EE4280AE7A8009E1B68 /* LaunchScreen.storyboard */,
				BAB16B82280C1F1900896964 /* PageControllerFooter.swift */,
				BABD4EE7280AE7A8009E1B68 /* Info.plist */,
				BAB30D04280CC06900F5AD2D /* Assets.xcassets */,
			);
			path = MobilliumMovies;
			sourceTree = "<group>";
		};
		BABD4EEF280AE7A9009E1B68 /* MobilliumMoviesTests */ = {
			isa = PBXGroup;
			children = (
				BABD4EF0280AE7A9009E1B68 /* MobilliumMoviesTests.swift */,
			);
			path = MobilliumMoviesTests;
			sourceTree = "<group>";
		};
/* End PBXGroup section */

/* Begin PBXNativeTarget section */
		BABD4ED5280AE7A7009E1B68 /* MobilliumMovies */ = {
			isa = PBXNativeTarget;
			buildConfigurationList = BABD4F00280AE7A9009E1B68 /* Build configuration list for PBXNativeTarget "MobilliumMovies" */;
			buildPhases = (
				2BD9D39032062E5665D8E37D /* [CP] Check Pods Manifest.lock */,
				BABD4ED2280AE7A7009E1B68 /* Sources */,
				BABD4ED3280AE7A7009E1B68 /* Frameworks */,
				BABD4ED4280AE7A7009E1B68 /* Resources */,
				BABD4F31280B0B25009E1B68 /* Embed Frameworks */,
			);
			buildRules = (
			);
			dependencies = (
			);
			name = MobilliumMovies;
			productName = MobilliumMovies;
			productReference = BABD4ED6280AE7A7009E1B68 /* MobilliumMovies.app */;
			productType = "com.apple.product-type.application";
		};
		BABD4EEB280AE7A9009E1B68 /* MobilliumMoviesTests */ = {
			isa = PBXNativeTarget;
			buildConfigurationList = BABD4F03280AE7A9009E1B68 /* Build configuration list for PBXNativeTarget "MobilliumMoviesTests" */;
			buildPhases = (
				BABD4EE8280AE7A9009E1B68 /* Sources */,
				BABD4EE9280AE7A9009E1B68 /* Frameworks */,
				BABD4EEA280AE7A9009E1B68 /* Resources */,
			);
			buildRules = (
			);
			dependencies = (
				BABD4EEE280AE7A9009E1B68 /* PBXTargetDependency */,
			);
			name = MobilliumMoviesTests;
			productName = MobilliumMoviesTests;
			productReference = BABD4EEC280AE7A9009E1B68 /* MobilliumMoviesTests.xctest */;
			productType = "com.apple.product-type.bundle.unit-test";
		};
/* End PBXNativeTarget section */

/* Begin PBXProject section */
		BABD4ECE280AE7A6009E1B68 /* Project object */ = {
			isa = PBXProject;
			attributes = {
				BuildIndependentTargetsInParallel = 1;
				LastSwiftUpdateCheck = 1330;
				LastUpgradeCheck = 1330;
				TargetAttributes = {
					BABD4ED5280AE7A7009E1B68 = {
						CreatedOnToolsVersion = 13.3.1;
					};
					BABD4EEB280AE7A9009E1B68 = {
						CreatedOnToolsVersion = 13.3.1;
						TestTargetID = BABD4ED5280AE7A7009E1B68;
					};
				};
			};
			buildConfigurationList = BABD4ED1280AE7A6009E1B68 /* Build configuration list for PBXProject "MobilliumMovies" */;
			compatibilityVersion = "Xcode 13.0";
			developmentRegion = en;
			hasScannedForEncodings = 0;
			knownRegions = (
				en,
				Base,
			);
			mainGroup = BABD4ECD280AE7A6009E1B68;
			productRefGroup = BABD4ED7280AE7A7009E1B68 /* Products */;
			projectDirPath = "";
			projectRoot = "";
			targets = (
				BABD4ED5280AE7A7009E1B68 /* MobilliumMovies */,
				BABD4EEB280AE7A9009E1B68 /* MobilliumMoviesTests */,
			);
		};
/* End PBXProject section */

/* Begin PBXResourcesBuildPhase section */
		BABD4ED4280AE7A7009E1B68 /* Resources */ = {
			isa = PBXResourcesBuildPhase;
			buildActionMask = 2147483647;
			files = (
				BA32FAA3280B861B0056DD41 /* UpComingMoviesCell.xib in Resources */,
				BAB30D05280CC06900F5AD2D /* Assets.xcassets in Resources */,
				BABD4EE6280AE7A8009E1B68 /* LaunchScreen.storyboard in Resources */,
			);
			runOnlyForDeploymentPostprocessing = 0;
		};
		BABD4EEA280AE7A9009E1B68 /* Resources */ = {
			isa = PBXResourcesBuildPhase;
			buildActionMask = 2147483647;
			files = (
			);
			runOnlyForDeploymentPostprocessing = 0;
		};
/* End PBXResourcesBuildPhase section */

/* Begin PBXShellScriptBuildPhase section */
		2BD9D39032062E5665D8E37D /* [CP] Check Pods Manifest.lock */ = {
			isa = PBXShellScriptBuildPhase;
			buildActionMask = 2147483647;
			files = (
			);
			inputFileListPaths = (
			);
			inputPaths = (
				"${PODS_PODFILE_DIR_PATH}/Podfile.lock",
				"${PODS_ROOT}/Manifest.lock",
			);
			name = "[CP] Check Pods Manifest.lock";
			outputFileListPaths = (
			);
			outputPaths = (
				"$(DERIVED_FILE_DIR)/Pods-MobilliumMovies-checkManifestLockResult.txt",
			);
			runOnlyForDeploymentPostprocessing = 0;
			shellPath = /bin/sh;
			shellScript = "diff \"${PODS_PODFILE_DIR_PATH}/Podfile.lock\" \"${PODS_ROOT}/Manifest.lock\" > /dev/null\nif [ $? != 0 ] ; then\n    # print error to STDERR\n    echo \"error: The sandbox is not in sync with the Podfile.lock. Run 'pod install' or update your CocoaPods installation.\" >&2\n    exit 1\nfi\n# This output is used by Xcode 'outputs' to avoid re-running this script phase.\necho \"SUCCESS\" > \"${SCRIPT_OUTPUT_FILE_0}\"\n";
			showEnvVarsInLog = 0;
		};
/* End PBXShellScriptBuildPhase section */

/* Begin PBXSourcesBuildPhase section */
		BABD4ED2280AE7A7009E1B68 /* Sources */ = {
			isa = PBXSourcesBuildPhase;
			buildActionMask = 2147483647;
			files = (
				BA32FA8E280B5EEF0056DD41 /* MoviePresentation.swift in Sources */,
				BAB30CC0280CA44E00F5AD2D /* DetailPageBuilder.swift in Sources */,
				BA32FA7C280B5BDD0056DD41 /* AppRouter.swift in Sources */,
				BAB9ADAC280C296800207971 /* PagingInfo.swift in Sources */,
				BA598CE5280BA28500FE3BA2 /* MovieDataBase.swift in Sources */,
				BAB30CBC280CA42200F5AD2D /* DetailPageViewController.swift in Sources */,
				BABD4EDE280AE7A7009E1B68 /* MainPageView.swift in Sources */,
				BA32FAA5280B86F00056DD41 /* UIImageView.swift in Sources */,
				BA32FA8B280B5D760056DD41 /* MainPageContracts.swift in Sources */,
				BAB30CC3280CB86A00F5AD2D /* ImageCell.swift in Sources */,
				BAB30CC5280CB88300F5AD2D /* OtherDetailsCell.swift in Sources */,
				BA32FAA7280B87C10056DD41 /* NowPlayingMoviesCell.swift in Sources */,
				BAB9ADAE280C34DD00207971 /* MovieSection.swift in Sources */,
				BA32FA7F280B5C040056DD41 /* AppContainer.swift in Sources */,
				BA32FA89280B5D420056DD41 /* MainPageViewModel.swift in Sources */,
				BAB9ADB4280C577900207971 /* Date.swift in Sources */,
				BAB16B83280C1F1900896964 /* PageControllerFooter.swift in Sources */,
				BA32FA87280B5D390056DD41 /* MainPageBuilder.swift in Sources */,
				BABD4EDA280AE7A7009E1B68 /* AppDelegate.swift in Sources */,
				BA598CE7280BA73700FE3BA2 /* NetworkLayerManager.swift in Sources */,
				BA32FA85280B5D1D0056DD41 /* MainPageRouter.swift in Sources */,
				BAB30D07280CD8EE00F5AD2D /* OverviewTextCell.swift in Sources */,
				BA32FAA9280B97190056DD41 /* CALayer.swift in Sources */,
				BA32FAA0280B80300056DD41 /* UpComingMoviesCell.swift in Sources */,
				BABD4EDC280AE7A7009E1B68 /* SceneDelegate.swift in Sources */,
			);
			runOnlyForDeploymentPostprocessing = 0;
		};
		BABD4EE8280AE7A9009E1B68 /* Sources */ = {
			isa = PBXSourcesBuildPhase;
			buildActionMask = 2147483647;
			files = (
				BABD4EF1280AE7A9009E1B68 /* MobilliumMoviesTests.swift in Sources */,
			);
			runOnlyForDeploymentPostprocessing = 0;
		};
/* End PBXSourcesBuildPhase section */

/* Begin PBXTargetDependency section */
		BABD4EEE280AE7A9009E1B68 /* PBXTargetDependency */ = {
			isa = PBXTargetDependency;
			target = BABD4ED5280AE7A7009E1B68 /* MobilliumMovies */;
			targetProxy = BABD4EED280AE7A9009E1B68 /* PBXContainerItemProxy */;
		};
/* End PBXTargetDependency section */

/* Begin PBXVariantGroup section */
		BABD4EE4280AE7A8009E1B68 /* LaunchScreen.storyboard */ = {
			isa = PBXVariantGroup;
			children = (
				BABD4EE5280AE7A8009E1B68 /* Base */,
			);
			name = LaunchScreen.storyboard;
			sourceTree = "<group>";
		};
/* End PBXVariantGroup section */

/* Begin XCBuildConfiguration section */
		BABD4EFE280AE7A9009E1B68 /* Debug */ = {
			isa = XCBuildConfiguration;
			buildSettings = {
				ALWAYS_SEARCH_USER_PATHS = NO;
				CLANG_ANALYZER_NONNULL = YES;
				CLANG_ANALYZER_NUMBER_OBJECT_CONVERSION = YES_AGGRESSIVE;
				CLANG_CXX_LANGUAGE_STANDARD = "gnu++17";
				CLANG_ENABLE_MODULES = YES;
				CLANG_ENABLE_OBJC_ARC = YES;
				CLANG_ENABLE_OBJC_WEAK = YES;
				CLANG_WARN_BLOCK_CAPTURE_AUTORELEASING = YES;
				CLANG_WARN_BOOL_CONVERSION = YES;
				CLANG_WARN_COMMA = YES;
				CLANG_WARN_CONSTANT_CONVERSION = YES;
				CLANG_WARN_DEPRECATED_OBJC_IMPLEMENTATIONS = YES;
				CLANG_WARN_DIRECT_OBJC_ISA_USAGE = YES_ERROR;
				CLANG_WARN_DOCUMENTATION_COMMENTS = YES;
				CLANG_WARN_EMPTY_BODY = YES;
				CLANG_WARN_ENUM_CONVERSION = YES;
				CLANG_WARN_INFINITE_RECURSION = YES;
				CLANG_WARN_INT_CONVERSION = YES;
				CLANG_WARN_NON_LITERAL_NULL_CONVERSION = YES;
				CLANG_WARN_OBJC_IMPLICIT_RETAIN_SELF = YES;
				CLANG_WARN_OBJC_LITERAL_CONVERSION = YES;
				CLANG_WARN_OBJC_ROOT_CLASS = YES_ERROR;
				CLANG_WARN_QUOTED_INCLUDE_IN_FRAMEWORK_HEADER = YES;
				CLANG_WARN_RANGE_LOOP_ANALYSIS = YES;
				CLANG_WARN_STRICT_PROTOTYPES = YES;
				CLANG_WARN_SUSPICIOUS_MOVE = YES;
				CLANG_WARN_UNGUARDED_AVAILABILITY = YES_AGGRESSIVE;
				CLANG_WARN_UNREACHABLE_CODE = YES;
				CLANG_WARN__DUPLICATE_METHOD_MATCH = YES;
				COPY_PHASE_STRIP = NO;
				DEBUG_INFORMATION_FORMAT = dwarf;
				ENABLE_STRICT_OBJC_MSGSEND = YES;
				ENABLE_TESTABILITY = YES;
				GCC_C_LANGUAGE_STANDARD = gnu11;
				GCC_DYNAMIC_NO_PIC = NO;
				GCC_NO_COMMON_BLOCKS = YES;
				GCC_OPTIMIZATION_LEVEL = 0;
				GCC_PREPROCESSOR_DEFINITIONS = (
					"DEBUG=1",
					"$(inherited)",
				);
				GCC_WARN_64_TO_32_BIT_CONVERSION = YES;
				GCC_WARN_ABOUT_RETURN_TYPE = YES_ERROR;
				GCC_WARN_UNDECLARED_SELECTOR = YES;
				GCC_WARN_UNINITIALIZED_AUTOS = YES_AGGRESSIVE;
				GCC_WARN_UNUSED_FUNCTION = YES;
				GCC_WARN_UNUSED_VARIABLE = YES;
				IPHONEOS_DEPLOYMENT_TARGET = 14.0;
				MTL_ENABLE_DEBUG_INFO = INCLUDE_SOURCE;
				MTL_FAST_MATH = YES;
				ONLY_ACTIVE_ARCH = YES;
				SDKROOT = iphoneos;
				SWIFT_ACTIVE_COMPILATION_CONDITIONS = DEBUG;
				SWIFT_OPTIMIZATION_LEVEL = "-Onone";
			};
			name = Debug;
		};
		BABD4EFF280AE7A9009E1B68 /* Release */ = {
			isa = XCBuildConfiguration;
			buildSettings = {
				ALWAYS_SEARCH_USER_PATHS = NO;
				CLANG_ANALYZER_NONNULL = YES;
				CLANG_ANALYZER_NUMBER_OBJECT_CONVERSION = YES_AGGRESSIVE;
				CLANG_CXX_LANGUAGE_STANDARD = "gnu++17";
				CLANG_ENABLE_MODULES = YES;
				CLANG_ENABLE_OBJC_ARC = YES;
				CLANG_ENABLE_OBJC_WEAK = YES;
				CLANG_WARN_BLOCK_CAPTURE_AUTORELEASING = YES;
				CLANG_WARN_BOOL_CONVERSION = YES;
				CLANG_WARN_COMMA = YES;
				CLANG_WARN_CONSTANT_CONVERSION = YES;
				CLANG_WARN_DEPRECATED_OBJC_IMPLEMENTATIONS = YES;
				CLANG_WARN_DIRECT_OBJC_ISA_USAGE = YES_ERROR;
				CLANG_WARN_DOCUMENTATION_COMMENTS = YES;
				CLANG_WARN_EMPTY_BODY = YES;
				CLANG_WARN_ENUM_CONVERSION = YES;
				CLANG_WARN_INFINITE_RECURSION = YES;
				CLANG_WARN_INT_CONVERSION = YES;
				CLANG_WARN_NON_LITERAL_NULL_CONVERSION = YES;
				CLANG_WARN_OBJC_IMPLICIT_RETAIN_SELF = YES;
				CLANG_WARN_OBJC_LITERAL_CONVERSION = YES;
				CLANG_WARN_OBJC_ROOT_CLASS = YES_ERROR;
				CLANG_WARN_QUOTED_INCLUDE_IN_FRAMEWORK_HEADER = YES;
				CLANG_WARN_RANGE_LOOP_ANALYSIS = YES;
				CLANG_WARN_STRICT_PROTOTYPES = YES;
				CLANG_WARN_SUSPICIOUS_MOVE = YES;
				CLANG_WARN_UNGUARDED_AVAILABILITY = YES_AGGRESSIVE;
				CLANG_WARN_UNREACHABLE_CODE = YES;
				CLANG_WARN__DUPLICATE_METHOD_MATCH = YES;
				COPY_PHASE_STRIP = NO;
				DEBUG_INFORMATION_FORMAT = "dwarf-with-dsym";
				ENABLE_NS_ASSERTIONS = NO;
				ENABLE_STRICT_OBJC_MSGSEND = YES;
				GCC_C_LANGUAGE_STANDARD = gnu11;
				GCC_NO_COMMON_BLOCKS = YES;
				GCC_WARN_64_TO_32_BIT_CONVERSION = YES;
				GCC_WARN_ABOUT_RETURN_TYPE = YES_ERROR;
				GCC_WARN_UNDECLARED_SELECTOR = YES;
				GCC_WARN_UNINITIALIZED_AUTOS = YES_AGGRESSIVE;
				GCC_WARN_UNUSED_FUNCTION = YES;
				GCC_WARN_UNUSED_VARIABLE = YES;
				IPHONEOS_DEPLOYMENT_TARGET = 14.0;
				MTL_ENABLE_DEBUG_INFO = NO;
				MTL_FAST_MATH = YES;
				SDKROOT = iphoneos;
				SWIFT_COMPILATION_MODE = wholemodule;
				SWIFT_OPTIMIZATION_LEVEL = "-O";
				VALIDATE_PRODUCT = YES;
			};
			name = Release;
		};
		BABD4F01280AE7A9009E1B68 /* Debug */ = {
			isa = XCBuildConfiguration;
			baseConfigurationReference = 35887E84E8339CC3EAAB07BA /* Pods-MobilliumMovies.debug.xcconfig */;
			buildSettings = {
				ASSETCATALOG_COMPILER_APPICON_NAME = AppIcon;
				ASSETCATALOG_COMPILER_GLOBAL_ACCENT_COLOR_NAME = AccentColor;
				CODE_SIGN_STYLE = Automatic;
				CURRENT_PROJECT_VERSION = 1;
				DEVELOPMENT_TEAM = L3BFY9Y29C;
				GENERATE_INFOPLIST_FILE = YES;
				INFOPLIST_FILE = MobilliumMovies/Info.plist;
				INFOPLIST_KEY_UIApplicationSupportsIndirectInputEvents = YES;
				INFOPLIST_KEY_UILaunchStoryboardName = LaunchScreen;
				INFOPLIST_KEY_UIRequiresFullScreen = YES;
				INFOPLIST_KEY_UISupportedInterfaceOrientations = UIInterfaceOrientationPortrait;
				INFOPLIST_KEY_UISupportedInterfaceOrientations_iPad = "UIInterfaceOrientationPortrait UIInterfaceOrientationPortraitUpsideDown UIInterfaceOrientationLandscapeLeft UIInterfaceOrientationLandscapeRight";
				INFOPLIST_KEY_UISupportedInterfaceOrientations_iPhone = "UIInterfaceOrientationPortrait UIInterfaceOrientationLandscapeLeft UIInterfaceOrientationLandscapeRight";
				LD_RUNPATH_SEARCH_PATHS = (
					"$(inherited)",
					"@executable_path/Frameworks",
				);
				MARKETING_VERSION = 1.0;
				PRODUCT_BUNDLE_IDENTIFIER = com.mfd.MobilliumMovies;
				PRODUCT_NAME = "$(TARGET_NAME)";
				SWIFT_EMIT_LOC_STRINGS = YES;
				SWIFT_VERSION = 5.0;
				TARGETED_DEVICE_FAMILY = "1,2";
			};
			name = Debug;
		};
		BABD4F02280AE7A9009E1B68 /* Release */ = {
			isa = XCBuildConfiguration;
			baseConfigurationReference = 9F09212004844D9917E801B2 /* Pods-MobilliumMovies.release.xcconfig */;
			buildSettings = {
				ASSETCATALOG_COMPILER_APPICON_NAME = AppIcon;
				ASSETCATALOG_COMPILER_GLOBAL_ACCENT_COLOR_NAME = AccentColor;
				CODE_SIGN_STYLE = Automatic;
				CURRENT_PROJECT_VERSION = 1;
				DEVELOPMENT_TEAM = L3BFY9Y29C;
				GENERATE_INFOPLIST_FILE = YES;
				INFOPLIST_FILE = MobilliumMovies/Info.plist;
				INFOPLIST_KEY_UIApplicationSupportsIndirectInputEvents = YES;
				INFOPLIST_KEY_UILaunchStoryboardName = LaunchScreen;
				INFOPLIST_KEY_UIRequiresFullScreen = YES;
				INFOPLIST_KEY_UISupportedInterfaceOrientations = UIInterfaceOrientationPortrait;
				INFOPLIST_KEY_UISupportedInterfaceOrientations_iPad = "UIInterfaceOrientationPortrait UIInterfaceOrientationPortraitUpsideDown UIInterfaceOrientationLandscapeLeft UIInterfaceOrientationLandscapeRight";
				INFOPLIST_KEY_UISupportedInterfaceOrientations_iPhone = "UIInterfaceOrientationPortrait UIInterfaceOrientationLandscapeLeft UIInterfaceOrientationLandscapeRight";
				LD_RUNPATH_SEARCH_PATHS = (
					"$(inherited)",
					"@executable_path/Frameworks",
				);
				MARKETING_VERSION = 1.0;
				PRODUCT_BUNDLE_IDENTIFIER = com.mfd.MobilliumMovies;
				PRODUCT_NAME = "$(TARGET_NAME)";
				SWIFT_EMIT_LOC_STRINGS = YES;
				SWIFT_VERSION = 5.0;
				TARGETED_DEVICE_FAMILY = "1,2";
			};
			name = Release;
		};
		BABD4F04280AE7A9009E1B68 /* Debug */ = {
			isa = XCBuildConfiguration;
			buildSettings = {
				ALWAYS_EMBED_SWIFT_STANDARD_LIBRARIES = YES;
				BUNDLE_LOADER = "$(TEST_HOST)";
				CODE_SIGN_STYLE = Automatic;
				CURRENT_PROJECT_VERSION = 1;
				DEVELOPMENT_TEAM = L3BFY9Y29C;
				GENERATE_INFOPLIST_FILE = YES;
				IPHONEOS_DEPLOYMENT_TARGET = 15.4;
				MARKETING_VERSION = 1.0;
				PRODUCT_BUNDLE_IDENTIFIER = com.mfd.MobilliumMoviesTests;
				PRODUCT_NAME = "$(TARGET_NAME)";
				SWIFT_EMIT_LOC_STRINGS = NO;
				SWIFT_VERSION = 5.0;
				TARGETED_DEVICE_FAMILY = "1,2";
				TEST_HOST = "$(BUILT_PRODUCTS_DIR)/MobilliumMovies.app/MobilliumMovies";
			};
			name = Debug;
		};
		BABD4F05280AE7A9009E1B68 /* Release */ = {
			isa = XCBuildConfiguration;
			buildSettings = {
				ALWAYS_EMBED_SWIFT_STANDARD_LIBRARIES = YES;
				BUNDLE_LOADER = "$(TEST_HOST)";
				CODE_SIGN_STYLE = Automatic;
				CURRENT_PROJECT_VERSION = 1;
				DEVELOPMENT_TEAM = L3BFY9Y29C;
				GENERATE_INFOPLIST_FILE = YES;
				IPHONEOS_DEPLOYMENT_TARGET = 15.4;
				MARKETING_VERSION = 1.0;
				PRODUCT_BUNDLE_IDENTIFIER = com.mfd.MobilliumMoviesTests;
				PRODUCT_NAME = "$(TARGET_NAME)";
				SWIFT_EMIT_LOC_STRINGS = NO;
				SWIFT_VERSION = 5.0;
				TARGETED_DEVICE_FAMILY = "1,2";
				TEST_HOST = "$(BUILT_PRODUCTS_DIR)/MobilliumMovies.app/MobilliumMovies";
			};
			name = Release;
		};
/* End XCBuildConfiguration section */

/* Begin XCConfigurationList section */
		BABD4ED1280AE7A6009E1B68 /* Build configuration list for PBXProject "MobilliumMovies" */ = {
			isa = XCConfigurationList;
			buildConfigurations = (
				BABD4EFE280AE7A9009E1B68 /* Debug */,
				BABD4EFF280AE7A9009E1B68 /* Release */,
			);
			defaultConfigurationIsVisible = 0;
			defaultConfigurationName = Release;
		};
		BABD4F00280AE7A9009E1B68 /* Build configuration list for PBXNativeTarget "MobilliumMovies" */ = {
			isa = XCConfigurationList;
			buildConfigurations = (
				BABD4F01280AE7A9009E1B68 /* Debug */,
				BABD4F02280AE7A9009E1B68 /* Release */,
			);
			defaultConfigurationIsVisible = 0;
			defaultConfigurationName = Release;
		};
		BABD4F03280AE7A9009E1B68 /* Build configuration list for PBXNativeTarget "MobilliumMoviesTests" */ = {
			isa = XCConfigurationList;
			buildConfigurations = (
				BABD4F04280AE7A9009E1B68 /* Debug */,
				BABD4F05280AE7A9009E1B68 /* Release */,
			);
			defaultConfigurationIsVisible = 0;
			defaultConfigurationName = Release;
		};
/* End XCConfigurationList section */
	};
	rootObject = BABD4ECE280AE7A6009E1B68 /* Project object */;
}
